// !$*UTF8*$!
{
	archiveVersion = 1;
	classes = {
	};
	objectVersion = 50;
	objects = {

/* Begin PBXBuildFile section */
		0A9BB85F2289845F00366646 /* AppDelegate.m in Sources */ = {isa = PBXBuildFile; fileRef = 0A9BB85E2289845F00366646 /* AppDelegate.m */; };
		0A9BB8672289846200366646 /* Assets.xcassets in Resources */ = {isa = PBXBuildFile; fileRef = 0A9BB8662289846200366646 /* Assets.xcassets */; };
		0A9BB86A2289846200366646 /* LaunchScreen.storyboard in Resources */ = {isa = PBXBuildFile; fileRef = 0A9BB8682289846200366646 /* LaunchScreen.storyboard */; };
		0A9BB86D2289846200366646 /* main.m in Sources */ = {isa = PBXBuildFile; fileRef = 0A9BB86C2289846200366646 /* main.m */; };
		0A9BB90D22898A3D00366646 /* Aspects.m in Sources */ = {isa = PBXBuildFile; fileRef = 0A9BB8DA22898A3D00366646 /* Aspects.m */; };
		0A9BB90E22898A3D00366646 /* AXBreachedAnnulusIndicatorView.m in Sources */ = {isa = PBXBuildFile; fileRef = 0A9BB8DE22898A3D00366646 /* AXBreachedAnnulusIndicatorView.m */; };
		0A9BB90F22898A3D00366646 /* AXIndicatorView.bundle in Resources */ = {isa = PBXBuildFile; fileRef = 0A9BB8E122898A3D00366646 /* AXIndicatorView.bundle */; };
		0A9BB91022898A3D00366646 /* AXActivityIndicatorView.m in Sources */ = {isa = PBXBuildFile; fileRef = 0A9BB8E222898A3D00366646 /* AXActivityIndicatorView.m */; };
		0A9BB91122898A3D00366646 /* AXSpinningWaitCursor.m in Sources */ = {isa = PBXBuildFile; fileRef = 0A9BB8E322898A3D00366646 /* AXSpinningWaitCursor.m */; };
		0A9BB91E22898A3D00366646 /* NJKWebViewProgress.m in Sources */ = {isa = PBXBuildFile; fileRef = 0A9BB90822898A3D00366646 /* NJKWebViewProgress.m */; };
		0A9BB91F22898A3D00366646 /* NJKWebViewProgressView.m in Sources */ = {isa = PBXBuildFile; fileRef = 0A9BB90A22898A3D00366646 /* NJKWebViewProgressView.m */; };
		0A9BB93122898B1100366646 /* AXPopNavigationController.m in Sources */ = {isa = PBXBuildFile; fileRef = 0A9BB92F22898B1100366646 /* AXPopNavigationController.m */; };
		0A9BB94422898B1F00366646 /* AXPracticalHUD.bundle in Resources */ = {isa = PBXBuildFile; fileRef = 0A9BB93422898B1F00366646 /* AXPracticalHUD.bundle */; };
		0A9BB94522898B1F00366646 /* AXPracticalHUDAnimator.m in Sources */ = {isa = PBXBuildFile; fileRef = 0A9BB93722898B1F00366646 /* AXPracticalHUDAnimator.m */; };
		0A9BB94622898B1F00366646 /* AXPracticalHUDContentView.m in Sources */ = {isa = PBXBuildFile; fileRef = 0A9BB93A22898B1F00366646 /* AXPracticalHUDContentView.m */; };
		0A9BB94722898B1F00366646 /* AXCircleProgressView.m in Sources */ = {isa = PBXBuildFile; fileRef = 0A9BB93E22898B1F00366646 /* AXCircleProgressView.m */; };
		0A9BB94822898B1F00366646 /* AXBarProgressView.m in Sources */ = {isa = PBXBuildFile; fileRef = 0A9BB93F22898B1F00366646 /* AXBarProgressView.m */; };
		0A9BB94922898B1F00366646 /* AXGradientProgressView.m in Sources */ = {isa = PBXBuildFile; fileRef = 0A9BB94122898B1F00366646 /* AXGradientProgressView.m */; };
		0A9BB94A22898B1F00366646 /* AXPracticalHUD.m in Sources */ = {isa = PBXBuildFile; fileRef = 0A9BB94322898B1F00366646 /* AXPracticalHUD.m */; };
		0A9BB9512289A22600366646 /* UIView+PlaceholderView.m in Sources */ = {isa = PBXBuildFile; fileRef = 0A9BB94C2289A22500366646 /* UIView+PlaceholderView.m */; };
		0A9BB9522289A22600366646 /* 无商品.png in Resources */ = {isa = PBXBuildFile; fileRef = 0A9BB94D2289A22500366646 /* 无商品.png */; };
		0A9BB9532289A22600366646 /* 无网.png in Resources */ = {isa = PBXBuildFile; fileRef = 0A9BB94E2289A22500366646 /* 无网.png */; };
		0A9BB9542289A22600366646 /* 沙发.png in Resources */ = {isa = PBXBuildFile; fileRef = 0A9BB9502289A22500366646 /* 沙发.png */; };
		0A9BB97C228A69C100366646 /* AXSecurityPolicy.m in Sources */ = {isa = PBXBuildFile; fileRef = 0A9BB974228A69C100366646 /* AXSecurityPolicy.m */; };
		0A9BB97D228A69C100366646 /* AXWebViewControllerActivity.m in Sources */ = {isa = PBXBuildFile; fileRef = 0A9BB978228A69C100366646 /* AXWebViewControllerActivity.m */; };
		0A9BB97E228A69C100366646 /* AXWebViewController.bundle in Resources */ = {isa = PBXBuildFile; fileRef = 0A9BB97A228A69C100366646 /* AXWebViewController.bundle */; };
		0A9BB97F228A69C100366646 /* AXWebViewController.m in Sources */ = {isa = PBXBuildFile; fileRef = 0A9BB97B228A69C100366646 /* AXWebViewController.m */; };
		0A9BB98B228BB12B00366646 /* NSURLProtocol+WKWebVIew.m in Sources */ = {isa = PBXBuildFile; fileRef = 0A9BB98A228BB12B00366646 /* NSURLProtocol+WKWebVIew.m */; };
		0A9BB98E228BB6FB00366646 /* MainViewController.m in Sources */ = {isa = PBXBuildFile; fileRef = 0A9BB98D228BB6FB00366646 /* MainViewController.m */; };
		4BD2C26125CD9CA1EF8EEB7C /* Pods_storm.framework in Frameworks */ = {isa = PBXBuildFile; fileRef = 9E059AFD690D26611CB3CA78 /* Pods_storm.framework */; };
/* End PBXBuildFile section */

/* Begin PBXFileReference section */
		0A9BB85A2289845F00366646 /* storm.app */ = {isa = PBXFileReference; explicitFileType = wrapper.application; includeInIndex = 0; path = storm.app; sourceTree = BUILT_PRODUCTS_DIR; };
		0A9BB85D2289845F00366646 /* AppDelegate.h */ = {isa = PBXFileReference; lastKnownFileType = sourcecode.c.h; path = AppDelegate.h; sourceTree = "<group>"; };
		0A9BB85E2289845F00366646 /* AppDelegate.m */ = {isa = PBXFileReference; lastKnownFileType = sourcecode.c.objc; path = AppDelegate.m; sourceTree = "<group>"; };
		0A9BB8662289846200366646 /* Assets.xcassets */ = {isa = PBXFileReference; lastKnownFileType = folder.assetcatalog; path = Assets.xcassets; sourceTree = "<group>"; };
		0A9BB8692289846200366646 /* Base */ = {isa = PBXFileReference; lastKnownFileType = file.storyboard; name = Base; path = Base.lproj/LaunchScreen.storyboard; sourceTree = "<group>"; };
		0A9BB86B2289846200366646 /* Info.plist */ = {isa = PBXFileReference; lastKnownFileType = text.plist.xml; path = Info.plist; sourceTree = "<group>"; };
		0A9BB86C2289846200366646 /* main.m */ = {isa = PBXFileReference; lastKnownFileType = sourcecode.c.objc; path = main.m; sourceTree = "<group>"; };
		0A9BB8D822898A3D00366646 /* Aspects.h */ = {isa = PBXFileReference; fileEncoding = 4; lastKnownFileType = sourcecode.c.h; path = Aspects.h; sourceTree = "<group>"; };
		0A9BB8DA22898A3D00366646 /* Aspects.m */ = {isa = PBXFileReference; fileEncoding = 4; lastKnownFileType = sourcecode.c.objc; path = Aspects.m; sourceTree = "<group>"; };
		0A9BB8DD22898A3D00366646 /* AXActivityIndicatorView.h */ = {isa = PBXFileReference; fileEncoding = 4; lastKnownFileType = sourcecode.c.h; path = AXActivityIndicatorView.h; sourceTree = "<group>"; };
		0A9BB8DE22898A3D00366646 /* AXBreachedAnnulusIndicatorView.m */ = {isa = PBXFileReference; fileEncoding = 4; lastKnownFileType = sourcecode.c.objc; path = AXBreachedAnnulusIndicatorView.m; sourceTree = "<group>"; };
		0A9BB8DF22898A3D00366646 /* AXSpinningWaitCursor.h */ = {isa = PBXFileReference; fileEncoding = 4; lastKnownFileType = sourcecode.c.h; path = AXSpinningWaitCursor.h; sourceTree = "<group>"; };
		0A9BB8E022898A3D00366646 /* AXIndicatorView.h */ = {isa = PBXFileReference; fileEncoding = 4; lastKnownFileType = sourcecode.c.h; path = AXIndicatorView.h; sourceTree = "<group>"; };
		0A9BB8E122898A3D00366646 /* AXIndicatorView.bundle */ = {isa = PBXFileReference; lastKnownFileType = "wrapper.plug-in"; path = AXIndicatorView.bundle; sourceTree = "<group>"; };
		0A9BB8E222898A3D00366646 /* AXActivityIndicatorView.m */ = {isa = PBXFileReference; fileEncoding = 4; lastKnownFileType = sourcecode.c.objc; path = AXActivityIndicatorView.m; sourceTree = "<group>"; };
		0A9BB8E322898A3D00366646 /* AXSpinningWaitCursor.m */ = {isa = PBXFileReference; fileEncoding = 4; lastKnownFileType = sourcecode.c.objc; path = AXSpinningWaitCursor.m; sourceTree = "<group>"; };
		0A9BB8E422898A3D00366646 /* AXBreachedAnnulusIndicatorView.h */ = {isa = PBXFileReference; fileEncoding = 4; lastKnownFileType = sourcecode.c.h; path = AXBreachedAnnulusIndicatorView.h; sourceTree = "<group>"; };
		0A9BB90722898A3D00366646 /* NJKWebViewProgressView.h */ = {isa = PBXFileReference; fileEncoding = 4; lastKnownFileType = sourcecode.c.h; path = NJKWebViewProgressView.h; sourceTree = "<group>"; };
		0A9BB90822898A3D00366646 /* NJKWebViewProgress.m */ = {isa = PBXFileReference; fileEncoding = 4; lastKnownFileType = sourcecode.c.objc; path = NJKWebViewProgress.m; sourceTree = "<group>"; };
		0A9BB90922898A3D00366646 /* NJKWebViewProgress.h */ = {isa = PBXFileReference; fileEncoding = 4; lastKnownFileType = sourcecode.c.h; path = NJKWebViewProgress.h; sourceTree = "<group>"; };
		0A9BB90A22898A3D00366646 /* NJKWebViewProgressView.m */ = {isa = PBXFileReference; fileEncoding = 4; lastKnownFileType = sourcecode.c.objc; path = NJKWebViewProgressView.m; sourceTree = "<group>"; };
		0A9BB92F22898B1100366646 /* AXPopNavigationController.m */ = {isa = PBXFileReference; fileEncoding = 4; lastKnownFileType = sourcecode.c.objc; path = AXPopNavigationController.m; sourceTree = "<group>"; };
		0A9BB93022898B1100366646 /* AXPopNavigationController.h */ = {isa = PBXFileReference; fileEncoding = 4; lastKnownFileType = sourcecode.c.h; path = AXPopNavigationController.h; sourceTree = "<group>"; };
		0A9BB93422898B1F00366646 /* AXPracticalHUD.bundle */ = {isa = PBXFileReference; lastKnownFileType = "wrapper.plug-in"; path = AXPracticalHUD.bundle; sourceTree = "<group>"; };
		0A9BB93522898B1F00366646 /* AXPracticalHUD.h */ = {isa = PBXFileReference; fileEncoding = 4; lastKnownFileType = sourcecode.c.h; path = AXPracticalHUD.h; sourceTree = "<group>"; };
		0A9BB93722898B1F00366646 /* AXPracticalHUDAnimator.m */ = {isa = PBXFileReference; fileEncoding = 4; lastKnownFileType = sourcecode.c.objc; path = AXPracticalHUDAnimator.m; sourceTree = "<group>"; };
		0A9BB93822898B1F00366646 /* AXPracticalHUDAnimator.h */ = {isa = PBXFileReference; fileEncoding = 4; lastKnownFileType = sourcecode.c.h; path = AXPracticalHUDAnimator.h; sourceTree = "<group>"; };
		0A9BB93A22898B1F00366646 /* AXPracticalHUDContentView.m */ = {isa = PBXFileReference; fileEncoding = 4; lastKnownFileType = sourcecode.c.objc; path = AXPracticalHUDContentView.m; sourceTree = "<group>"; };
		0A9BB93B22898B1F00366646 /* AXPracticalHUDContentView.h */ = {isa = PBXFileReference; fileEncoding = 4; lastKnownFileType = sourcecode.c.h; path = AXPracticalHUDContentView.h; sourceTree = "<group>"; };
		0A9BB93D22898B1F00366646 /* AXGradientProgressView.h */ = {isa = PBXFileReference; fileEncoding = 4; lastKnownFileType = sourcecode.c.h; path = AXGradientProgressView.h; sourceTree = "<group>"; };
		0A9BB93E22898B1F00366646 /* AXCircleProgressView.m */ = {isa = PBXFileReference; fileEncoding = 4; lastKnownFileType = sourcecode.c.objc; path = AXCircleProgressView.m; sourceTree = "<group>"; };
		0A9BB93F22898B1F00366646 /* AXBarProgressView.m */ = {isa = PBXFileReference; fileEncoding = 4; lastKnownFileType = sourcecode.c.objc; path = AXBarProgressView.m; sourceTree = "<group>"; };
		0A9BB94022898B1F00366646 /* AXCircleProgressView.h */ = {isa = PBXFileReference; fileEncoding = 4; lastKnownFileType = sourcecode.c.h; path = AXCircleProgressView.h; sourceTree = "<group>"; };
		0A9BB94122898B1F00366646 /* AXGradientProgressView.m */ = {isa = PBXFileReference; fileEncoding = 4; lastKnownFileType = sourcecode.c.objc; path = AXGradientProgressView.m; sourceTree = "<group>"; };
		0A9BB94222898B1F00366646 /* AXBarProgressView.h */ = {isa = PBXFileReference; fileEncoding = 4; lastKnownFileType = sourcecode.c.h; path = AXBarProgressView.h; sourceTree = "<group>"; };
		0A9BB94322898B1F00366646 /* AXPracticalHUD.m */ = {isa = PBXFileReference; fileEncoding = 4; lastKnownFileType = sourcecode.c.objc; path = AXPracticalHUD.m; sourceTree = "<group>"; };
		0A9BB94C2289A22500366646 /* UIView+PlaceholderView.m */ = {isa = PBXFileReference; fileEncoding = 4; lastKnownFileType = sourcecode.c.objc; path = "UIView+PlaceholderView.m"; sourceTree = "<group>"; };
		0A9BB94D2289A22500366646 /* 无商品.png */ = {isa = PBXFileReference; lastKnownFileType = image.png; path = "无商品.png"; sourceTree = "<group>"; };
		0A9BB94E2289A22500366646 /* 无网.png */ = {isa = PBXFileReference; lastKnownFileType = image.png; path = "无网.png"; sourceTree = "<group>"; };
		0A9BB94F2289A22500366646 /* UIView+PlaceholderView.h */ = {isa = PBXFileReference; fileEncoding = 4; lastKnownFileType = sourcecode.c.h; path = "UIView+PlaceholderView.h"; sourceTree = "<group>"; };
		0A9BB9502289A22500366646 /* 沙发.png */ = {isa = PBXFileReference; lastKnownFileType = image.png; path = "沙发.png"; sourceTree = "<group>"; };
		0A9BB974228A69C100366646 /* AXSecurityPolicy.m */ = {isa = PBXFileReference; fileEncoding = 4; lastKnownFileType = sourcecode.c.objc; path = AXSecurityPolicy.m; sourceTree = "<group>"; };
		0A9BB975228A69C100366646 /* AXSecurityPolicy.h */ = {isa = PBXFileReference; fileEncoding = 4; lastKnownFileType = sourcecode.c.h; path = AXSecurityPolicy.h; sourceTree = "<group>"; };
		0A9BB977228A69C100366646 /* AXWebViewControllerActivity.h */ = {isa = PBXFileReference; fileEncoding = 4; lastKnownFileType = sourcecode.c.h; path = AXWebViewControllerActivity.h; sourceTree = "<group>"; };
		0A9BB978228A69C100366646 /* AXWebViewControllerActivity.m */ = {isa = PBXFileReference; fileEncoding = 4; lastKnownFileType = sourcecode.c.objc; path = AXWebViewControllerActivity.m; sourceTree = "<group>"; };
		0A9BB979228A69C100366646 /* AXWebViewController.h */ = {isa = PBXFileReference; fileEncoding = 4; lastKnownFileType = sourcecode.c.h; path = AXWebViewController.h; sourceTree = "<group>"; };
		0A9BB97A228A69C100366646 /* AXWebViewController.bundle */ = {isa = PBXFileReference; lastKnownFileType = "wrapper.plug-in"; path = AXWebViewController.bundle; sourceTree = "<group>"; };
		0A9BB97B228A69C100366646 /* AXWebViewController.m */ = {isa = PBXFileReference; fileEncoding = 4; lastKnownFileType = sourcecode.c.objc; path = AXWebViewController.m; sourceTree = "<group>"; };
		0A9BB989228BB12B00366646 /* NSURLProtocol+WKWebVIew.h */ = {isa = PBXFileReference; fileEncoding = 4; lastKnownFileType = sourcecode.c.h; path = "NSURLProtocol+WKWebVIew.h"; sourceTree = "<group>"; };
		0A9BB98A228BB12B00366646 /* NSURLProtocol+WKWebVIew.m */ = {isa = PBXFileReference; fileEncoding = 4; lastKnownFileType = sourcecode.c.objc; path = "NSURLProtocol+WKWebVIew.m"; sourceTree = "<group>"; };
		0A9BB98C228BB6FB00366646 /* MainViewController.h */ = {isa = PBXFileReference; lastKnownFileType = sourcecode.c.h; path = MainViewController.h; sourceTree = "<group>"; };
		0A9BB98D228BB6FB00366646 /* MainViewController.m */ = {isa = PBXFileReference; lastKnownFileType = sourcecode.c.objc; path = MainViewController.m; sourceTree = "<group>"; };
		9E059AFD690D26611CB3CA78 /* Pods_storm.framework */ = {isa = PBXFileReference; explicitFileType = wrapper.framework; includeInIndex = 0; path = Pods_storm.framework; sourceTree = BUILT_PRODUCTS_DIR; };
		BECA65A831922A6C9D79EFF8 /* Pods-storm.release.xcconfig */ = {isa = PBXFileReference; includeInIndex = 1; lastKnownFileType = text.xcconfig; name = "Pods-storm.release.xcconfig"; path = "Target Support Files/Pods-storm/Pods-storm.release.xcconfig"; sourceTree = "<group>"; };
		D90255016646092464EE9FA0 /* Pods-storm.debug.xcconfig */ = {isa = PBXFileReference; includeInIndex = 1; lastKnownFileType = text.xcconfig; name = "Pods-storm.debug.xcconfig"; path = "Target Support Files/Pods-storm/Pods-storm.debug.xcconfig"; sourceTree = "<group>"; };
/* End PBXFileReference section */

/* Begin PBXFrameworksBuildPhase section */
		0A9BB8572289845F00366646 /* Frameworks */ = {
			isa = PBXFrameworksBuildPhase;
			buildActionMask = 2147483647;
			files = (
				4BD2C26125CD9CA1EF8EEB7C /* Pods_storm.framework in Frameworks */,
			);
			runOnlyForDeploymentPostprocessing = 0;
		};
/* End PBXFrameworksBuildPhase section */

/* Begin PBXGroup section */
		0A9BB8512289845F00366646 = {
			isa = PBXGroup;
			children = (
				0A9BB85C2289845F00366646 /* storm */,
				0A9BB85B2289845F00366646 /* Products */,
				40429A13AEC6519B35D302C8 /* Frameworks */,
				970CE3E7F64F3DB93E6762B2 /* Pods */,
			);
			sourceTree = "<group>";
		};
		0A9BB85B2289845F00366646 /* Products */ = {
			isa = PBXGroup;
			children = (
				0A9BB85A2289845F00366646 /* storm.app */,
			);
			name = Products;
			sourceTree = "<group>";
		};
		0A9BB85C2289845F00366646 /* storm */ = {
			isa = PBXGroup;
			children = (
				0A9BB85D2289845F00366646 /* AppDelegate.h */,
				0A9BB85E2289845F00366646 /* AppDelegate.m */,
				0A9BB98C228BB6FB00366646 /* MainViewController.h */,
				0A9BB98D228BB6FB00366646 /* MainViewController.m */,
				0A9BB8662289846200366646 /* Assets.xcassets */,
				0A9BB8682289846200366646 /* LaunchScreen.storyboard */,
				0A9BB86B2289846200366646 /* Info.plist */,
				0A9BB86C2289846200366646 /* main.m */,
				0A9BB989228BB12B00366646 /* NSURLProtocol+WKWebVIew.h */,
				0A9BB98A228BB12B00366646 /* NSURLProtocol+WKWebVIew.m */,
				0A9BB972228A69C100366646 /* AXWebViewController */,
				0A9BB94B2289A22500366646 /* UIViewPlaceholderView */,
				0A9BB93222898B1F00366646 /* AXPracticalHUD */,
				0A9BB92E22898B1100366646 /* AXNavigationBackItemInjection */,
				0A9BB8D622898A3D00366646 /* Aspects */,
				0A9BB8DB22898A3D00366646 /* AXIndicatorView */,
				0A9BB90622898A3D00366646 /* NJKWebViewProgress */,
			);
			path = storm;
			sourceTree = "<group>";
		};
		0A9BB8D622898A3D00366646 /* Aspects */ = {
			isa = PBXGroup;
			children = (
				0A9BB8D822898A3D00366646 /* Aspects.h */,
				0A9BB8DA22898A3D00366646 /* Aspects.m */,
			);
			path = Aspects;
			sourceTree = "<group>";
		};
		0A9BB8DB22898A3D00366646 /* AXIndicatorView */ = {
			isa = PBXGroup;
			children = (
				0A9BB8DC22898A3D00366646 /* Classes */,
			);
			path = AXIndicatorView;
			sourceTree = "<group>";
		};
		0A9BB8DC22898A3D00366646 /* Classes */ = {
			isa = PBXGroup;
			children = (
				0A9BB8DD22898A3D00366646 /* AXActivityIndicatorView.h */,
				0A9BB8DE22898A3D00366646 /* AXBreachedAnnulusIndicatorView.m */,
				0A9BB8DF22898A3D00366646 /* AXSpinningWaitCursor.h */,
				0A9BB8E022898A3D00366646 /* AXIndicatorView.h */,
				0A9BB8E122898A3D00366646 /* AXIndicatorView.bundle */,
				0A9BB8E222898A3D00366646 /* AXActivityIndicatorView.m */,
				0A9BB8E322898A3D00366646 /* AXSpinningWaitCursor.m */,
				0A9BB8E422898A3D00366646 /* AXBreachedAnnulusIndicatorView.h */,
			);
			path = Classes;
			sourceTree = "<group>";
		};
		0A9BB90622898A3D00366646 /* NJKWebViewProgress */ = {
			isa = PBXGroup;
			children = (
				0A9BB90922898A3D00366646 /* NJKWebViewProgress.h */,
				0A9BB90822898A3D00366646 /* NJKWebViewProgress.m */,
				0A9BB90722898A3D00366646 /* NJKWebViewProgressView.h */,
				0A9BB90A22898A3D00366646 /* NJKWebViewProgressView.m */,
			);
			path = NJKWebViewProgress;
			sourceTree = "<group>";
		};
		0A9BB92E22898B1100366646 /* AXNavigationBackItemInjection */ = {
			isa = PBXGroup;
			children = (
				0A9BB92F22898B1100366646 /* AXPopNavigationController.m */,
				0A9BB93022898B1100366646 /* AXPopNavigationController.h */,
			);
			path = AXNavigationBackItemInjection;
			sourceTree = "<group>";
		};
		0A9BB93222898B1F00366646 /* AXPracticalHUD */ = {
			isa = PBXGroup;
			children = (
				0A9BB93322898B1F00366646 /* AXPracticalHUD */,
			);
			path = AXPracticalHUD;
			sourceTree = "<group>";
		};
		0A9BB93322898B1F00366646 /* AXPracticalHUD */ = {
			isa = PBXGroup;
			children = (
				0A9BB93422898B1F00366646 /* AXPracticalHUD.bundle */,
				0A9BB93522898B1F00366646 /* AXPracticalHUD.h */,
				0A9BB93622898B1F00366646 /* Animators */,
				0A9BB93922898B1F00366646 /* ContentView */,
				0A9BB93C22898B1F00366646 /* ProgressViews */,
				0A9BB94322898B1F00366646 /* AXPracticalHUD.m */,
			);
			path = AXPracticalHUD;
			sourceTree = "<group>";
		};
		0A9BB93622898B1F00366646 /* Animators */ = {
			isa = PBXGroup;
			children = (
				0A9BB93722898B1F00366646 /* AXPracticalHUDAnimator.m */,
				0A9BB93822898B1F00366646 /* AXPracticalHUDAnimator.h */,
			);
			path = Animators;
			sourceTree = "<group>";
		};
		0A9BB93922898B1F00366646 /* ContentView */ = {
			isa = PBXGroup;
			children = (
				0A9BB93A22898B1F00366646 /* AXPracticalHUDContentView.m */,
				0A9BB93B22898B1F00366646 /* AXPracticalHUDContentView.h */,
			);
			path = ContentView;
			sourceTree = "<group>";
		};
		0A9BB93C22898B1F00366646 /* ProgressViews */ = {
			isa = PBXGroup;
			children = (
				0A9BB93D22898B1F00366646 /* AXGradientProgressView.h */,
				0A9BB93E22898B1F00366646 /* AXCircleProgressView.m */,
				0A9BB93F22898B1F00366646 /* AXBarProgressView.m */,
				0A9BB94022898B1F00366646 /* AXCircleProgressView.h */,
				0A9BB94122898B1F00366646 /* AXGradientProgressView.m */,
				0A9BB94222898B1F00366646 /* AXBarProgressView.h */,
			);
			path = ProgressViews;
			sourceTree = "<group>";
		};
		0A9BB94B2289A22500366646 /* UIViewPlaceholderView */ = {
			isa = PBXGroup;
			children = (
				0A9BB94F2289A22500366646 /* UIView+PlaceholderView.h */,
				0A9BB94C2289A22500366646 /* UIView+PlaceholderView.m */,
				0A9BB94D2289A22500366646 /* 无商品.png */,
				0A9BB94E2289A22500366646 /* 无网.png */,
				0A9BB9502289A22500366646 /* 沙发.png */,
			);
			path = UIViewPlaceholderView;
			sourceTree = "<group>";
		};
		0A9BB972228A69C100366646 /* AXWebViewController */ = {
			isa = PBXGroup;
			children = (
				0A9BB979228A69C100366646 /* AXWebViewController.h */,
				0A9BB97B228A69C100366646 /* AXWebViewController.m */,
				0A9BB973228A69C100366646 /* Security */,
				0A9BB976228A69C100366646 /* Activity */,
				0A9BB97A228A69C100366646 /* AXWebViewController.bundle */,
			);
			path = AXWebViewController;
			sourceTree = "<group>";
		};
		0A9BB973228A69C100366646 /* Security */ = {
			isa = PBXGroup;
			children = (
				0A9BB975228A69C100366646 /* AXSecurityPolicy.h */,
				0A9BB974228A69C100366646 /* AXSecurityPolicy.m */,
			);
			path = Security;
			sourceTree = "<group>";
		};
		0A9BB976228A69C100366646 /* Activity */ = {
			isa = PBXGroup;
			children = (
				0A9BB977228A69C100366646 /* AXWebViewControllerActivity.h */,
				0A9BB978228A69C100366646 /* AXWebViewControllerActivity.m */,
			);
			path = Activity;
			sourceTree = "<group>";
		};
		40429A13AEC6519B35D302C8 /* Frameworks */ = {
			isa = PBXGroup;
			children = (
				9E059AFD690D26611CB3CA78 /* Pods_storm.framework */,
			);
			name = Frameworks;
			sourceTree = "<group>";
		};
		970CE3E7F64F3DB93E6762B2 /* Pods */ = {
			isa = PBXGroup;
			children = (
				D90255016646092464EE9FA0 /* Pods-storm.debug.xcconfig */,
				BECA65A831922A6C9D79EFF8 /* Pods-storm.release.xcconfig */,
			);
			path = Pods;
			sourceTree = "<group>";
		};
/* End PBXGroup section */

/* Begin PBXNativeTarget section */
		0A9BB8592289845F00366646 /* storm */ = {
			isa = PBXNativeTarget;
			buildConfigurationList = 0A9BB8702289846200366646 /* Build configuration list for PBXNativeTarget "storm" */;
			buildPhases = (
				48B0071D80D0B68B39C5BD36 /* [CP] Check Pods Manifest.lock */,
				0A9BB8562289845F00366646 /* Sources */,
				0A9BB8572289845F00366646 /* Frameworks */,
				0A9BB8582289845F00366646 /* Resources */,
				8FA61E9E6408BECA0B12AF9B /* [CP] Embed Pods Frameworks */,
			);
			buildRules = (
			);
			dependencies = (
			);
			name = storm;
			productName = storm;
			productReference = 0A9BB85A2289845F00366646 /* storm.app */;
			productType = "com.apple.product-type.application";
		};
/* End PBXNativeTarget section */

/* Begin PBXProject section */
		0A9BB8522289845F00366646 /* Project object */ = {
			isa = PBXProject;
			attributes = {
				LastUpgradeCheck = 1010;
				ORGANIZATIONNAME = jumu;
				TargetAttributes = {
					0A9BB8592289845F00366646 = {
						CreatedOnToolsVersion = 10.1;
					};
				};
			};
			buildConfigurationList = 0A9BB8552289845F00366646 /* Build configuration list for PBXProject "storm" */;
			compatibilityVersion = "Xcode 9.3";
			developmentRegion = en;
			hasScannedForEncodings = 0;
			knownRegions = (
				en,
				Base,
			);
			mainGroup = 0A9BB8512289845F00366646;
			productRefGroup = 0A9BB85B2289845F00366646 /* Products */;
			projectDirPath = "";
			projectRoot = "";
			targets = (
				0A9BB8592289845F00366646 /* storm */,
			);
		};
/* End PBXProject section */

/* Begin PBXResourcesBuildPhase section */
		0A9BB8582289845F00366646 /* Resources */ = {
			isa = PBXResourcesBuildPhase;
			buildActionMask = 2147483647;
			files = (
				0A9BB97E228A69C100366646 /* AXWebViewController.bundle in Resources */,
				0A9BB90F22898A3D00366646 /* AXIndicatorView.bundle in Resources */,
				0A9BB86A2289846200366646 /* LaunchScreen.storyboard in Resources */,
				0A9BB9542289A22600366646 /* 沙发.png in Resources */,
				0A9BB9522289A22600366646 /* 无商品.png in Resources */,
				0A9BB8672289846200366646 /* Assets.xcassets in Resources */,
				0A9BB9532289A22600366646 /* 无网.png in Resources */,
				0A9BB94422898B1F00366646 /* AXPracticalHUD.bundle in Resources */,
			);
			runOnlyForDeploymentPostprocessing = 0;
		};
/* End PBXResourcesBuildPhase section */

/* Begin PBXShellScriptBuildPhase section */
		48B0071D80D0B68B39C5BD36 /* [CP] Check Pods Manifest.lock */ = {
			isa = PBXShellScriptBuildPhase;
			buildActionMask = 2147483647;
			files = (
			);
			inputFileListPaths = (
			);
			inputPaths = (
				"${PODS_PODFILE_DIR_PATH}/Podfile.lock",
				"${PODS_ROOT}/Manifest.lock",
			);
			name = "[CP] Check Pods Manifest.lock";
			outputFileListPaths = (
			);
			outputPaths = (
				"$(DERIVED_FILE_DIR)/Pods-storm-checkManifestLockResult.txt",
			);
			runOnlyForDeploymentPostprocessing = 0;
			shellPath = /bin/sh;
			shellScript = "diff \"${PODS_PODFILE_DIR_PATH}/Podfile.lock\" \"${PODS_ROOT}/Manifest.lock\" > /dev/null\nif [ $? != 0 ] ; then\n    # print error to STDERR\n    echo \"error: The sandbox is not in sync with the Podfile.lock. Run 'pod install' or update your CocoaPods installation.\" >&2\n    exit 1\nfi\n# This output is used by Xcode 'outputs' to avoid re-running this script phase.\necho \"SUCCESS\" > \"${SCRIPT_OUTPUT_FILE_0}\"\n";
			showEnvVarsInLog = 0;
		};
		8FA61E9E6408BECA0B12AF9B /* [CP] Embed Pods Frameworks */ = {
			isa = PBXShellScriptBuildPhase;
			buildActionMask = 2147483647;
			files = (
			);
			inputFileListPaths = (
			);
			inputPaths = (
				"${PODS_ROOT}/Target Support Files/Pods-storm/Pods-storm-frameworks.sh",
				"${BUILT_PRODUCTS_DIR}/AFNetworking/AFNetworking.framework",
				"${BUILT_PRODUCTS_DIR}/JWNetAutoCache/JWNetAutoCache.framework",
				"${BUILT_PRODUCTS_DIR}/Masonry/Masonry.framework",
				"${BUILT_PRODUCTS_DIR}/ReactiveObjC/ReactiveObjC.framework",
				"${BUILT_PRODUCTS_DIR}/YYModel/YYModel.framework",
			);
			name = "[CP] Embed Pods Frameworks";
			outputFileListPaths = (
			);
			outputPaths = (
				"${TARGET_BUILD_DIR}/${FRAMEWORKS_FOLDER_PATH}/AFNetworking.framework",
				"${TARGET_BUILD_DIR}/${FRAMEWORKS_FOLDER_PATH}/JWNetAutoCache.framework",
				"${TARGET_BUILD_DIR}/${FRAMEWORKS_FOLDER_PATH}/Masonry.framework",
				"${TARGET_BUILD_DIR}/${FRAMEWORKS_FOLDER_PATH}/ReactiveObjC.framework",
				"${TARGET_BUILD_DIR}/${FRAMEWORKS_FOLDER_PATH}/YYModel.framework",
			);
			runOnlyForDeploymentPostprocessing = 0;
			shellPath = /bin/sh;
			shellScript = "\"${PODS_ROOT}/Target Support Files/Pods-storm/Pods-storm-frameworks.sh\"\n";
			showEnvVarsInLog = 0;
		};
/* End PBXShellScriptBuildPhase section */

/* Begin PBXSourcesBuildPhase section */
		0A9BB8562289845F00366646 /* Sources */ = {
			isa = PBXSourcesBuildPhase;
			buildActionMask = 2147483647;
			files = (
				0A9BB94522898B1F00366646 /* AXPracticalHUDAnimator.m in Sources */,
				0A9BB97C228A69C100366646 /* AXSecurityPolicy.m in Sources */,
				0A9BB90E22898A3D00366646 /* AXBreachedAnnulusIndicatorView.m in Sources */,
				0A9BB97F228A69C100366646 /* AXWebViewController.m in Sources */,
				0A9BB98E228BB6FB00366646 /* MainViewController.m in Sources */,
				0A9BB98B228BB12B00366646 /* NSURLProtocol+WKWebVIew.m in Sources */,
				0A9BB86D2289846200366646 /* main.m in Sources */,
				0A9BB91E22898A3D00366646 /* NJKWebViewProgress.m in Sources */,
				0A9BB94922898B1F00366646 /* AXGradientProgressView.m in Sources */,
				0A9BB85F2289845F00366646 /* AppDelegate.m in Sources */,
				0A9BB9512289A22600366646 /* UIView+PlaceholderView.m in Sources */,
				0A9BB94622898B1F00366646 /* AXPracticalHUDContentView.m in Sources */,
				0A9BB93122898B1100366646 /* AXPopNavigationController.m in Sources */,
				0A9BB94A22898B1F00366646 /* AXPracticalHUD.m in Sources */,
				0A9BB91F22898A3D00366646 /* NJKWebViewProgressView.m in Sources */,
				0A9BB91122898A3D00366646 /* AXSpinningWaitCursor.m in Sources */,
				0A9BB90D22898A3D00366646 /* Aspects.m in Sources */,
				0A9BB94722898B1F00366646 /* AXCircleProgressView.m in Sources */,
				0A9BB97D228A69C100366646 /* AXWebViewControllerActivity.m in Sources */,
				0A9BB94822898B1F00366646 /* AXBarProgressView.m in Sources */,
				0A9BB91022898A3D00366646 /* AXActivityIndicatorView.m in Sources */,
			);
			runOnlyForDeploymentPostprocessing = 0;
		};
/* End PBXSourcesBuildPhase section */

/* Begin PBXVariantGroup section */
		0A9BB8682289846200366646 /* LaunchScreen.storyboard */ = {
			isa = PBXVariantGroup;
			children = (
				0A9BB8692289846200366646 /* Base */,
			);
			name = LaunchScreen.storyboard;
			sourceTree = "<group>";
		};
/* End PBXVariantGroup section */

/* Begin XCBuildConfiguration section */
		0A9BB86E2289846200366646 /* Debug */ = {
			isa = XCBuildConfiguration;
			buildSettings = {
				ALWAYS_SEARCH_USER_PATHS = NO;
				CLANG_ANALYZER_NONNULL = YES;
				CLANG_ANALYZER_NUMBER_OBJECT_CONVERSION = YES_AGGRESSIVE;
				CLANG_CXX_LANGUAGE_STANDARD = "gnu++14";
				CLANG_CXX_LIBRARY = "libc++";
				CLANG_ENABLE_MODULES = YES;
				CLANG_ENABLE_OBJC_ARC = YES;
				CLANG_ENABLE_OBJC_WEAK = YES;
				CLANG_WARN_BLOCK_CAPTURE_AUTORELEASING = YES;
				CLANG_WARN_BOOL_CONVERSION = YES;
				CLANG_WARN_COMMA = YES;
				CLANG_WARN_CONSTANT_CONVERSION = YES;
				CLANG_WARN_DEPRECATED_OBJC_IMPLEMENTATIONS = YES;
				CLANG_WARN_DIRECT_OBJC_ISA_USAGE = YES_ERROR;
				CLANG_WARN_DOCUMENTATION_COMMENTS = YES;
				CLANG_WARN_EMPTY_BODY = YES;
				CLANG_WARN_ENUM_CONVERSION = YES;
				CLANG_WARN_INFINITE_RECURSION = YES;
				CLANG_WARN_INT_CONVERSION = YES;
				CLANG_WARN_NON_LITERAL_NULL_CONVERSION = YES;
				CLANG_WARN_OBJC_IMPLICIT_RETAIN_SELF = YES;
				CLANG_WARN_OBJC_LITERAL_CONVERSION = YES;
				CLANG_WARN_OBJC_ROOT_CLASS = YES_ERROR;
				CLANG_WARN_RANGE_LOOP_ANALYSIS = YES;
				CLANG_WARN_STRICT_PROTOTYPES = YES;
				CLANG_WARN_SUSPICIOUS_MOVE = YES;
				CLANG_WARN_UNGUARDED_AVAILABILITY = YES_AGGRESSIVE;
				CLANG_WARN_UNREACHABLE_CODE = YES;
				CLANG_WARN__DUPLICATE_METHOD_MATCH = YES;
				CODE_SIGN_IDENTITY = "iPhone Developer";
				COPY_PHASE_STRIP = NO;
				DEBUG_INFORMATION_FORMAT = dwarf;
				ENABLE_STRICT_OBJC_MSGSEND = YES;
				ENABLE_TESTABILITY = YES;
				GCC_C_LANGUAGE_STANDARD = gnu11;
				GCC_DYNAMIC_NO_PIC = NO;
				GCC_NO_COMMON_BLOCKS = YES;
				GCC_OPTIMIZATION_LEVEL = 0;
				GCC_PREPROCESSOR_DEFINITIONS = (
					"DEBUG=1",
					"$(inherited)",
				);
				GCC_WARN_64_TO_32_BIT_CONVERSION = YES;
				GCC_WARN_ABOUT_RETURN_TYPE = YES_ERROR;
				GCC_WARN_UNDECLARED_SELECTOR = YES;
				GCC_WARN_UNINITIALIZED_AUTOS = YES_AGGRESSIVE;
				GCC_WARN_UNUSED_FUNCTION = YES;
				GCC_WARN_UNUSED_VARIABLE = YES;
				IPHONEOS_DEPLOYMENT_TARGET = 12.1;
				MTL_ENABLE_DEBUG_INFO = INCLUDE_SOURCE;
				MTL_FAST_MATH = YES;
				ONLY_ACTIVE_ARCH = YES;
				SDKROOT = iphoneos;
			};
			name = Debug;
		};
		0A9BB86F2289846200366646 /* Release */ = {
			isa = XCBuildConfiguration;
			buildSettings = {
				ALWAYS_SEARCH_USER_PATHS = NO;
				CLANG_ANALYZER_NONNULL = YES;
				CLANG_ANALYZER_NUMBER_OBJECT_CONVERSION = YES_AGGRESSIVE;
				CLANG_CXX_LANGUAGE_STANDARD = "gnu++14";
				CLANG_CXX_LIBRARY = "libc++";
				CLANG_ENABLE_MODULES = YES;
				CLANG_ENABLE_OBJC_ARC = YES;
				CLANG_ENABLE_OBJC_WEAK = YES;
				CLANG_WARN_BLOCK_CAPTURE_AUTORELEASING = YES;
				CLANG_WARN_BOOL_CONVERSION = YES;
				CLANG_WARN_COMMA = YES;
				CLANG_WARN_CONSTANT_CONVERSION = YES;
				CLANG_WARN_DEPRECATED_OBJC_IMPLEMENTATIONS = YES;
				CLANG_WARN_DIRECT_OBJC_ISA_USAGE = YES_ERROR;
				CLANG_WARN_DOCUMENTATION_COMMENTS = YES;
				CLANG_WARN_EMPTY_BODY = YES;
				CLANG_WARN_ENUM_CONVERSION = YES;
				CLANG_WARN_INFINITE_RECURSION = YES;
				CLANG_WARN_INT_CONVERSION = YES;
				CLANG_WARN_NON_LITERAL_NULL_CONVERSION = YES;
				CLANG_WARN_OBJC_IMPLICIT_RETAIN_SELF = YES;
				CLANG_WARN_OBJC_LITERAL_CONVERSION = YES;
				CLANG_WARN_OBJC_ROOT_CLASS = YES_ERROR;
				CLANG_WARN_RANGE_LOOP_ANALYSIS = YES;
				CLANG_WARN_STRICT_PROTOTYPES = YES;
				CLANG_WARN_SUSPICIOUS_MOVE = YES;
				CLANG_WARN_UNGUARDED_AVAILABILITY = YES_AGGRESSIVE;
				CLANG_WARN_UNREACHABLE_CODE = YES;
				CLANG_WARN__DUPLICATE_METHOD_MATCH = YES;
				CODE_SIGN_IDENTITY = "iPhone Developer";
				COPY_PHASE_STRIP = NO;
				DEBUG_INFORMATION_FORMAT = "dwarf-with-dsym";
				ENABLE_NS_ASSERTIONS = NO;
				ENABLE_STRICT_OBJC_MSGSEND = YES;
				GCC_C_LANGUAGE_STANDARD = gnu11;
				GCC_NO_COMMON_BLOCKS = YES;
				GCC_WARN_64_TO_32_BIT_CONVERSION = YES;
				GCC_WARN_ABOUT_RETURN_TYPE = YES_ERROR;
				GCC_WARN_UNDECLARED_SELECTOR = YES;
				GCC_WARN_UNINITIALIZED_AUTOS = YES_AGGRESSIVE;
				GCC_WARN_UNUSED_FUNCTION = YES;
				GCC_WARN_UNUSED_VARIABLE = YES;
				IPHONEOS_DEPLOYMENT_TARGET = 12.1;
				MTL_ENABLE_DEBUG_INFO = NO;
				MTL_FAST_MATH = YES;
				SDKROOT = iphoneos;
				VALIDATE_PRODUCT = YES;
			};
			name = Release;
		};
		0A9BB8712289846200366646 /* Debug */ = {
			isa = XCBuildConfiguration;
			baseConfigurationReference = D90255016646092464EE9FA0 /* Pods-storm.debug.xcconfig */;
			buildSettings = {
				ASSETCATALOG_COMPILER_APPICON_NAME = AppIcon;
				CODE_SIGN_STYLE = Automatic;
				DEVELOPMENT_TEAM = KSQ99GBANE;
				INFOPLIST_FILE = storm/Info.plist;
				IPHONEOS_DEPLOYMENT_TARGET = 9.0;
				LD_RUNPATH_SEARCH_PATHS = (
					"$(inherited)",
					"@executable_path/Frameworks",
				);
				PRODUCT_BUNDLE_IDENTIFIER = com.iosfactory.skeleton.storm21;
				PRODUCT_NAME = "$(TARGET_NAME)";
				TARGETED_DEVICE_FAMILY = 1;
			};
			name = Debug;
		};
		0A9BB8722289846200366646 /* Release */ = {
			isa = XCBuildConfiguration;
			baseConfigurationReference = BECA65A831922A6C9D79EFF8 /* Pods-storm.release.xcconfig */;
			buildSettings = {
				ASSETCATALOG_COMPILER_APPICON_NAME = AppIcon;
				CODE_SIGN_STYLE = Automatic;
				DEVELOPMENT_TEAM = KSQ99GBANE;
				INFOPLIST_FILE = storm/Info.plist;
				IPHONEOS_DEPLOYMENT_TARGET = 9.0;
				LD_RUNPATH_SEARCH_PATHS = (
					"$(inherited)",
					"@executable_path/Frameworks",
				);
				PRODUCT_BUNDLE_IDENTIFIER = com.iosfactory.skeleton.storm21;
				PRODUCT_NAME = "$(TARGET_NAME)";
				TARGETED_DEVICE_FAMILY = 1;
			};
			name = Release;
		};
/* End XCBuildConfiguration section */

/* Begin XCConfigurationList section */
		0A9BB8552289845F00366646 /* Build configuration list for PBXProject "storm" */ = {
			isa = XCConfigurationList;
			buildConfigurations = (
				0A9BB86E2289846200366646 /* Debug */,
				0A9BB86F2289846200366646 /* Release */,
			);
			defaultConfigurationIsVisible = 0;
			defaultConfigurationName = Release;
		};
		0A9BB8702289846200366646 /* Build configuration list for PBXNativeTarget "storm" */ = {
			isa = XCConfigurationList;
			buildConfigurations = (
				0A9BB8712289846200366646 /* Debug */,
				0A9BB8722289846200366646 /* Release */,
			);
			defaultConfigurationIsVisible = 0;
			defaultConfigurationName = Release;
		};
/* End XCConfigurationList section */
	};
	rootObject = 0A9BB8522289845F00366646 /* Project object */;
}
